{
    "_meta": {
        "hash": {
            "sha256": "3c62067dc0d88ca78e6d62b60a31b884f3af6370c09bac13b6699090cc6d7eaf"
        },
        "pipfile-spec": 6,
        "requires": {
            "python_version": "3.7.4"
        },
        "sources": [
            {
                "name": "pypi",
                "url": "https://pypi.org/simple",
                "verify_ssl": true
            }
        ]
    },
    "default": {
        "cbor2": {
            "hashes": [
                "sha256:0a3a1b2f6b83ab4ce806df48360cc16d34cd315f17549dbda9fdd371bea04497",
                "sha256:0e4ae67a697c664b579b87c4ef9d60e26c146b95bff443a9a38abb16f6981ff0",
                "sha256:20291dad09cf9c4e5f434d376dd9d60f5ab5e066b308005f50e7c5e22e504214",
                "sha256:2de925608dc6d73cd1aab08800bff38f71f90459c15db3a71a67023b0fc697da",
                "sha256:2f30f7ef329ea6ec630ceabe5a539fed407b9c81e27e2322644e3efbbd1b2a76",
                "sha256:37ae0ce5afe864d1a1c5b05becaf8aaca7b7131cb7b0b935d7e79b29fb1cea28",
                "sha256:3843a9bb970343e9c896aa71a34fa80983cd0ddec6eacdb2284b5e83f4ee7511",
                "sha256:4b09ff6148a8cd529512479a1d6521fb7687fb03b448973933c3b03711d00bfc",
                "sha256:4e8590193fcbbb9477010ca0f094f6540a5e723965c90eea7a37edbe75f0ec4d",
                "sha256:5aaf3406c9d661d11f87e792edb9a38561dba1441afba7fb883d6d963e67f32c",
                "sha256:5c50da4702ac5ca3a8e7cb9f34f62b4ea91bc81b76c2fba03888b366da299cd8",
                "sha256:62b863c5ee6ced4032afe948f3c1484f375550995d3b8498145237fe28e546c2",
                "sha256:62fc15bfe187e4994c457e6055687514c417d6099de62dd33ae766561f05847e",
                "sha256:6bc8c5606aa0ae510bdb3c7d987f92df39ef87d09e0f0588a4d1daffd3cb0453",
                "sha256:6fab0e00c28305db59f7005150447d08dd13da6a82695a2132c28beba590fd2c",
                "sha256:70789805b9aebd215626188aa05bb09908ed51e3268d4db5ae6a08276efdbcb1",
                "sha256:8a643b19ace1584043bbf4e2d0b4fae8bebd6b6ffab14ea6478d3ff07f58e854",
                "sha256:9538ab1b4207e76ee02a52362d77e312921ec1dc75b6fb42182887d87d0ca53e",
                "sha256:981b9ffc4f2947a0f030e71ce5eac31334bc81369dd57c6c1273c94c6cdb0b5a",
                "sha256:ab6c934806759d453a9bb5318f2703c831e736be005ac35d5bd5cf2093ba57b1",
                "sha256:b35c5d4d14fe804f718d5a5968a528970d2a7046aa87045538f189a98e5c7055",
                "sha256:c07975f956baddb8dfeca4966f1871fd2482cb36af24c461f763732a44675225",
                "sha256:c617c7f94936d65ed9c8e99c6c03e3dc83313d69c6bfea810014ec658e9b1a9d",
                "sha256:cbca58220f52fd50d8985e4079e10c71196d538fb6685f157f608a29253409a4",
                "sha256:cbe7cdeed26cd8ec2dcfed2b8876bc137ad8b9e0abb07aa5fb05770148a4b5c7",
                "sha256:d21ccd1ec802e88dba1c373724a09538a0237116ab589c5301ca4c59478f7c10",
                "sha256:d549abea7115c8a0d7c61a31a895c031f902a7b4c875f9efd8ce41e466baf83a",
                "sha256:e10f2f4fcf5ab6a8b24d22f7109f48cad8143f669795899370170d7b36ed309f"
            ],
            "markers": "python_version >= '3.7'",
            "version": "==5.4.3"
        },
        "luma-lcd": {
            "hashes": [
                "sha256:1389bfb5115a4d559c58075fef2731e6d9ca93c0a6a9ebaa036f99dfe05b3703",
                "sha256:6d710e852944886aeec00c65f01e41857c92914e3ab4589c774d5028b324c9a1"
            ],
            "index": "pypi",
            "version": "==2.1.0"
        },
        "luma.core": {
            "hashes": [
                "sha256:3fcc06dada48414140609aa4ce266928c599e05409eaefd44b8aed51c3b6e1f9",
                "sha256:cf5fdf3563d5ec56e2f792f3a2f432abaeac517a0b05a10a757a4c5a26bb2e5d"
            ],
            "markers": "python_version >= '3.7' and python_version < '4'",
            "version": "==2.4.0"
        },
        "pillow": {
            "hashes": [
                "sha256:03150abd92771742d4a8cd6f2fa6246d847dcd2e332a18d0c15cc75bf6703040",
                "sha256:073adb2ae23431d3b9bcbcff3fe698b62ed47211d0716b067385538a1b0f28b8",
                "sha256:0b07fffc13f474264c336298d1b4ce01d9c5a011415b79d4ee5527bb69ae6f65",
                "sha256:0b7257127d646ff8676ec8a15520013a698d1fdc48bc2a79ba4e53df792526f2",
                "sha256:12ce4932caf2ddf3e41d17fc9c02d67126935a44b86df6a206cf0d7161548627",
                "sha256:15c42fb9dea42465dfd902fb0ecf584b8848ceb28b41ee2b58f866411be33f07",
                "sha256:18498994b29e1cf86d505edcb7edbe814d133d2232d256db8c7a8ceb34d18cef",
                "sha256:1c7c8ae3864846fc95f4611c78129301e203aaa2af813b703c55d10cc1628535",
                "sha256:22b012ea2d065fd163ca096f4e37e47cd8b59cf4b0fd47bfca6abb93df70b34c",
                "sha256:276a5ca930c913f714e372b2591a22c4bd3b81a418c0f6635ba832daec1cbcfc",
                "sha256:2e0918e03aa0c72ea56edbb00d4d664294815aa11291a11504a377ea018330d3",
                "sha256:3033fbe1feb1b59394615a1cafaee85e49d01b51d54de0cbf6aa8e64182518a1",
                "sha256:3168434d303babf495d4ba58fc22d6604f6e2afb97adc6a423e917dab828939c",
                "sha256:32a44128c4bdca7f31de5be641187367fe2a450ad83b833ef78910397db491aa",
                "sha256:3dd6caf940756101205dffc5367babf288a30043d35f80936f9bfb37f8355b32",
                "sha256:40e1ce476a7804b0fb74bcfa80b0a2206ea6a882938eaba917f7a0f004b42502",
                "sha256:41e0051336807468be450d52b8edd12ac60bebaa97fe10c8b660f116e50b30e4",
                "sha256:4390e9ce199fc1951fcfa65795f239a8a4944117b5935a9317fb320e7767b40f",
                "sha256:502526a2cbfa431d9fc2a079bdd9061a2397b842bb6bc4239bb176da00993812",
                "sha256:51e0e543a33ed92db9f5ef69a0356e0b1a7a6b6a71b80df99f1d181ae5875636",
                "sha256:57751894f6618fd4308ed8e0c36c333e2f5469744c34729a27532b3db106ee20",
                "sha256:5d77adcd56a42d00cc1be30843d3426aa4e660cab4a61021dc84467123f7a00c",
                "sha256:655a83b0058ba47c7c52e4e2df5ecf484c1b0b0349805896dd350cbc416bdd91",
                "sha256:68943d632f1f9e3dce98908e873b3a090f6cba1cbb1b892a9e8d97c938871fbe",
                "sha256:6c738585d7a9961d8c2821a1eb3dcb978d14e238be3d70f0a706f7fa9316946b",
                "sha256:73bd195e43f3fadecfc50c682f5055ec32ee2c933243cafbfdec69ab1aa87cad",
                "sha256:772a91fc0e03eaf922c63badeca75e91baa80fe2f5f87bdaed4280662aad25c9",
                "sha256:77ec3e7be99629898c9a6d24a09de089fa5356ee408cdffffe62d67bb75fdd72",
                "sha256:7db8b751ad307d7cf238f02101e8e36a128a6cb199326e867d1398067381bff4",
                "sha256:801ec82e4188e935c7f5e22e006d01611d6b41661bba9fe45b60e7ac1a8f84de",
                "sha256:82409ffe29d70fd733ff3c1025a602abb3e67405d41b9403b00b01debc4c9a29",
                "sha256:828989c45c245518065a110434246c44a56a8b2b2f6347d1409c787e6e4651ee",
                "sha256:829f97c8e258593b9daa80638aee3789b7df9da5cf1336035016d76f03b8860c",
                "sha256:871b72c3643e516db4ecf20efe735deb27fe30ca17800e661d769faab45a18d7",
                "sha256:89dca0ce00a2b49024df6325925555d406b14aa3efc2f752dbb5940c52c56b11",
                "sha256:90fb88843d3902fe7c9586d439d1e8c05258f41da473952aa8b328d8b907498c",
                "sha256:97aabc5c50312afa5e0a2b07c17d4ac5e865b250986f8afe2b02d772567a380c",
                "sha256:9aaa107275d8527e9d6e7670b64aabaaa36e5b6bd71a1015ddd21da0d4e06448",
                "sha256:9f47eabcd2ded7698106b05c2c338672d16a6f2a485e74481f524e2a23c2794b",
                "sha256:a0a06a052c5f37b4ed81c613a455a81f9a3a69429b4fd7bb913c3fa98abefc20",
                "sha256:ab388aaa3f6ce52ac1cb8e122c4bd46657c15905904b3120a6248b5b8b0bc228",
                "sha256:ad58d27a5b0262c0c19b47d54c5802db9b34d38bbf886665b626aff83c74bacd",
                "sha256:ae5331c23ce118c53b172fa64a4c037eb83c9165aba3a7ba9ddd3ec9fa64a699",
                "sha256:af0372acb5d3598f36ec0914deed2a63f6bcdb7b606da04dc19a88d31bf0c05b",
                "sha256:afa4107d1b306cdf8953edde0534562607fe8811b6c4d9a486298ad31de733b2",
                "sha256:b03ae6f1a1878233ac620c98f3459f79fd77c7e3c2b20d460284e1fb370557d4",
                "sha256:b0915e734b33a474d76c28e07292f196cdf2a590a0d25bcc06e64e545f2d146c",
                "sha256:b4012d06c846dc2b80651b120e2cdd787b013deb39c09f407727ba90015c684f",
                "sha256:b472b5ea442148d1c3e2209f20f1e0bb0eb556538690fa70b5e1f79fa0ba8dc2",
                "sha256:b59430236b8e58840a0dfb4099a0e8717ffb779c952426a69ae435ca1f57210c",
                "sha256:b90f7616ea170e92820775ed47e136208e04c967271c9ef615b6fbd08d9af0e3",
                "sha256:b9a65733d103311331875c1dca05cb4606997fd33d6acfed695b1232ba1df193",
                "sha256:bac18ab8d2d1e6b4ce25e3424f709aceef668347db8637c2296bcf41acb7cf48",
                "sha256:bca31dd6014cb8b0b2db1e46081b0ca7d936f856da3b39744aef499db5d84d02",
                "sha256:be55f8457cd1eac957af0c3f5ece7bc3f033f89b114ef30f710882717670b2a8",
                "sha256:c7025dce65566eb6e89f56c9509d4f628fddcedb131d9465cacd3d8bac337e7e",
                "sha256:c935a22a557a560108d780f9a0fc426dd7459940dc54faa49d83249c8d3e760f",
                "sha256:dbb8e7f2abee51cef77673be97760abff1674ed32847ce04b4af90f610144c7b",
                "sha256:e6ea6b856a74d560d9326c0f5895ef8050126acfdc7ca08ad703eb0081e82b74",
                "sha256:ebf2029c1f464c59b8bdbe5143c79fa2045a581ac53679733d3a91d400ff9efb",
                "sha256:f1ff2ee69f10f13a9596480335f406dd1f70c3650349e2be67ca3139280cade0"
            ],
            "index": "pypi",
            "version": "==9.3.0"
        },
        "pyftdi": {
            "hashes": [
                "sha256:112f16ee5b2a2becb8f8df9dd40b3bba007589f34e7613024122d94bd56eb7d7",
                "sha256:8df9af22077d17533d2f95b508b1d87959877627ea5dc2369056e90a3b5a232d"
            ],
            "markers": "python_version >= '3.7'",
            "version": "==0.54.0"
        },
        "pyserial": {
            "hashes": [
                "sha256:3c77e014170dfffbd816e6ffc205e9842efb10be9f58ec16d3e8675b4925cddb",
                "sha256:c4451db6ba391ca6ca299fb3ec7bae67a5c55dde170964c7a14ceefec02f2cf0"
            ],
            "version": "==3.5"
        },
        "pyusb": {
            "hashes": [
                "sha256:2b4c7cb86dbadf044dfb9d3a4ff69fd217013dbe78a792177a3feb172449ea36",
                "sha256:a4cc7404a203144754164b8b40994e2849fde1cfff06b08492f12fff9d9de7b9"
            ],
            "markers": "python_full_version >= '3.6.0'",
            "version": "==1.2.1"
        },
        "rpi.gpio": {
            "hashes": [
                "sha256:15311d3b063b71dee738cd26570effc9985a952454d162937c34e08c0fc99902",
                "sha256:26b2ade4bb353bbe5417a64e40b45cdf00a82f27c2d320c0dd46c59751959d77",
                "sha256:29226823da8b5ccb9001d795a944f2e00924eeae583490f0bc7317581172c624",
                "sha256:57b6c044ef5375a78c8dda27cdfadf329e76aa6943cd6cffbbbd345a9adf9ca5",
                "sha256:77afb817b81331ce3049a4b8f94a85e41b7c404d8e56b61ac0f1eb75c3120868",
                "sha256:96ea7e5bf6bf592828487bfa7d3d1d0e432d5d1682e9e33b4dab398914628fcd",
                "sha256:b86b66dc02faa5461b443a1e1f0c1d209d64ab5229696f32fb3b0215e0600c8c",
                "sha256:cd61c4b03c37b62bba4a5acfea9862749c33c618e0295e7e90aa4713fb373b70"
            ],
            "markers": "platform_system == 'Linux'",
            "version": "==0.7.1"
        },
        "smbus2": {
            "hashes": [
                "sha256:50f3c78e436b42a9583948be06961a8104cf020ebad5edfaaf2657528bef0818",
                "sha256:634541ed794068a822fe7499f1577468b9d4641b68dd9bfb6d0eb7270f4d2a32"
            ],
            "version": "==0.4.2"
        },
        "spidev": {
            "hashes": [
                "sha256:14dbc37594a4aaef85403ab617985d3c3ef464d62bc9b769ef552db53701115b",
                "sha256:280abc00a1ef7780ef62c3f294f52a2527b6c47d8c269fea98664970bcaf6da5"
            ],
            "markers": "platform_system == 'Linux'",
            "version": "==3.6"
        }
    },
    "develop": {}
}
